<?xml version="1.0" encoding="utf-8"?>
<Project ToolsVersion="4.0" xmlns="http://schemas.microsoft.com/developer/msbuild/2003">
  <ItemGroup>
    <Filter Include="源文件">
      <UniqueIdentifier>{4FC737F1-C7A5-4376-A066-2A32D752A2FF}</UniqueIdentifier>
      <Extensions>cpp;c;cc;cxx;def;odl;idl;hpj;bat;asm;asmx</Extensions>
    </Filter>
    <Filter Include="头文件">
      <UniqueIdentifier>{93995380-89BD-4b04-88EB-625FBE52EBFB}</UniqueIdentifier>
      <Extensions>h;hh;hpp;hxx;hm;inl;inc;ipp;xsd</Extensions>
    </Filter>
    <Filter Include="资源文件">
      <UniqueIdentifier>{67DA6AB6-F800-4c08-8B7A-83BB121AAD01}</UniqueIdentifier>
      <Extensions>rc;ico;cur;bmp;dlg;rc2;rct;bin;rgs;gif;jpg;jpeg;jpe;resx;tiff;tif;png;wav;mfcribbon-ms</Extensions>
    </Filter>
  </ItemGroup>
  <ItemGroup>
    <ClCompile Include="test.cpp">
      <Filter>源文件</Filter>
    </ClCompile>
    <ClCompile Include="函数模板当函数参数.cpp">
      <Filter>源文件</Filter>
    </ClCompile>
    <ClCompile Include="类模板函数.cpp">
      <Filter>源文件</Filter>
    </ClCompile>
    <ClCompile Include="模板类的继承.cpp">
      <Filter>源文件</Filter>
    </ClCompile>
    <ClCompile Include="模板类和操作符重载结合案例.cpp">
      <Filter>源文件</Filter>
    </ClCompile>
    <ClCompile Include="My_Vector.cpp">
      <Filter>源文件</Filter>
    </ClCompile>
    <ClCompile Include="MyVector_Test.cpp">
      <Filter>源文件</Filter>
    </ClCompile>
    <ClCompile Include="Teacher.cpp">
      <Filter>源文件</Filter>
    </ClCompile>
    <ClCompile Include="类型转换.cpp">
      <Filter>源文件</Filter>
    </ClCompile>
    <ClCompile Include="const_cast类型转换.cpp">
      <Filter>源文件</Filter>
    </ClCompile>
    <ClCompile Include="异常基本事项.cpp">
      <Filter>源文件</Filter>
    </ClCompile>
    <ClCompile Include="异常接口声明.cpp">
      <Filter>源文件</Filter>
    </ClCompile>
    <ClCompile Include="异常生命周期.cpp">
      <Filter>源文件</Filter>
    </ClCompile>
    <ClCompile Include="异常的层次结构.cpp">
      <Filter>源文件</Filter>
    </ClCompile>
    <ClCompile Include="字符串替换.cpp">
      <Filter>源文件</Filter>
    </ClCompile>
    <ClCompile Include="set集合的仿函数以及pair的使用.cpp">
      <Filter>源文件</Filter>
    </ClCompile>
    <ClCompile Include="map的四中插入形式的不同.cpp">
      <Filter>源文件</Filter>
    </ClCompile>
    <ClCompile Include="mutlimap与员工信息结合.cpp">
      <Filter>源文件</Filter>
    </ClCompile>
    <ClCompile Include="仿函数的实现.cpp">
      <Filter>源文件</Filter>
    </ClCompile>
    <ClCompile Include="二元谓词在set集合中的使用.cpp">
      <Filter>源文件</Filter>
    </ClCompile>
    <ClCompile Include="函数适配器.cpp">
      <Filter>源文件</Filter>
    </ClCompile>
    <ClCompile Include="并发进程线程.cpp">
      <Filter>源文件</Filter>
    </ClCompile>
    <ClCompile Include="detach的陷阱.cpp">
      <Filter>源文件</Filter>
    </ClCompile>
    <ClCompile Include="数据共享案例.cpp">
      <Filter>源文件</Filter>
    </ClCompile>
    <ClCompile Include="unique_lock的测试.cpp">
      <Filter>源文件</Filter>
    </ClCompile>
    <ClCompile Include="设计模式单例模式.cpp">
      <Filter>源文件</Filter>
    </ClCompile>
    <ClCompile Include="单例模式中的共享数据.cpp">
      <Filter>源文件</Filter>
    </ClCompile>
    <ClCompile Include="异步.cpp">
      <Filter>源文件</Filter>
    </ClCompile>
    <ClCompile Include="类成员函数做异步调用函数.cpp">
      <Filter>源文件</Filter>
    </ClCompile>
    <ClCompile Include="打包线程入口函数和异步配合使用.cpp">
      <Filter>源文件</Filter>
    </ClCompile>
    <ClCompile Include="原子函数模板.cpp">
      <Filter>源文件</Filter>
    </ClCompile>
    <ClCompile Include="异步async的一个参数使用.cpp">
      <Filter>源文件</Filter>
    </ClCompile>
    <ClCompile Include="notify_one和wait的使用.cpp">
      <Filter>源文件</Filter>
    </ClCompile>
    <ClCompile Include="416.cpp">
      <Filter>源文件</Filter>
    </ClCompile>
    <ClCompile Include="417.cpp">
      <Filter>源文件</Filter>
    </ClCompile>
    <ClCompile Include="31.cpp">
      <Filter>源文件</Filter>
    </ClCompile>
    <ClCompile Include="421.cpp">
      <Filter>源文件</Filter>
    </ClCompile>
    <ClCompile Include="平衡二叉树.cpp">
      <Filter>源文件</Filter>
    </ClCompile>
    <ClCompile Include="wangyiTest.cpp">
      <Filter>源文件</Filter>
    </ClCompile>
  </ItemGroup>
  <ItemGroup>
    <ClInclude Include="MyVector.h">
      <Filter>头文件</Filter>
    </ClInclude>
  </ItemGroup>
</Project>